
Microsoft Visual Studio Solution File, Format Version 12.00
# Visual Studio 15
VisualStudioVersion = 15.0.28307.1267
MinimumVisualStudioVersion = 10.0.40219.1
Project("{FAE04EC0-301F-11D3-BF4B-00C04F79EFBC}") = "ToggleButtonStyle", "ToggleButtonStyle\ToggleButtonStyle.csproj", "{FDE39F4C-F975-4C50-A138-6DC16DADD059}"
EndProject
Global
	GlobalSection(SolutionConfigurationPlatforms) = preSolution
		Debug|Any CPU = Debug|Any CPU
		Release|Any CPU = Release|Any CPU
	EndGlobalSection
	GlobalSection(ProjectConfigurationPlatforms) = postSolution
		{FDE39F4C-F975-4C50-A138-6DC16DADD059}.Debug|Any CPU.ActiveCfg = Debug|Any CPU
		{FDE39F4C-F975-4C50-A138-6DC16DADD059}.Debug|Any CPU.Build.0 = Debug|Any CPU
		{FDE39F4C-F975-4C50-A138-6DC16DADD059}.Release|Any CPU.ActiveCfg = Release|Any CPU
		{FDE39F4C-F975-4C50-A138-6DC16DADD059}.Release|Any CPU.Build.0 = Release|Any CPU
	EndGlobalSection
	GlobalSection(SolutionProperties) = preSolution
		HideSolutionNode = FALSE
	EndGlobalSection
	GlobalSection(ExtensibilityGlobals) = postSolution
		SolutionGuid = {A7CF4450-6E9C-4827-9217-767B8D405F87}
	EndGlobalSection
EndGlobal
